// !$*UTF8*$!
{
	archiveVersion = 1;
	classes = {
	};
	objectVersion = 51;
	objects = {

/* Begin PBXBuildFile section */
		2D5E02A283290EF663454B9E /* Pods_1I_ValetiiVvedenskiy_InterfaceApp.framework in Frameworks */ = {isa = PBXBuildFile; fileRef = 78EE98DDAABA37DC878F6881 /* Pods_1I_ValetiiVvedenskiy_InterfaceApp.framework */; };
		E00819FE272078850055F1CD /* ImageView.swift in Sources */ = {isa = PBXBuildFile; fileRef = E00819FD272078850055F1CD /* ImageView.swift */; };
		E0081A022720A5340055F1CD /* VKFriendsDataSource.swift in Sources */ = {isa = PBXBuildFile; fileRef = E0081A012720A5340055F1CD /* VKFriendsDataSource.swift */; };
		E0081A042720B34F0055F1CD /* VKPhotoDataSource.swift in Sources */ = {isa = PBXBuildFile; fileRef = E0081A032720B34F0055F1CD /* VKPhotoDataSource.swift */; };
		E0081A0627216A720055F1CD /* VKGroupsDataSource.swift in Sources */ = {isa = PBXBuildFile; fileRef = E0081A0527216A720055F1CD /* VKGroupsDataSource.swift */; };
		E024F0F2271498000004071D /* Session.swift in Sources */ = {isa = PBXBuildFile; fileRef = E024F0F1271498000004071D /* Session.swift */; };
		E04E17FE2721F91F0082F529 /* RPhoto.swift in Sources */ = {isa = PBXBuildFile; fileRef = E04E17FB2721F91F0082F529 /* RPhoto.swift */; };
		E04E17FF2721F91F0082F529 /* RFriend.swift in Sources */ = {isa = PBXBuildFile; fileRef = E04E17FC2721F91F0082F529 /* RFriend.swift */; };
		E04E18002721F91F0082F529 /* RGroup.swift in Sources */ = {isa = PBXBuildFile; fileRef = E04E17FD2721F91F0082F529 /* RGroup.swift */; };
		E04F4BCC2716DF64004085BB /* VKDataSource.swift in Sources */ = {isa = PBXBuildFile; fileRef = E04F4BCB2716DF64004085BB /* VKDataSource.swift */; };
		E04F4BCE2716DFC9004085BB /* SettingsApi.swift in Sources */ = {isa = PBXBuildFile; fileRef = E04F4BCD2716DFC9004085BB /* SettingsApi.swift */; };
		E04F4BD1271C4FEE004085BB /* UserJson.swift in Sources */ = {isa = PBXBuildFile; fileRef = E04F4BD0271C4FEE004085BB /* UserJson.swift */; };
		E04F4BD3271C5366004085BB /* Photo.swift in Sources */ = {isa = PBXBuildFile; fileRef = E04F4BD2271C5366004085BB /* Photo.swift */; };
		E04F4BD5271C5472004085BB /* Groups.swift in Sources */ = {isa = PBXBuildFile; fileRef = E04F4BD4271C5472004085BB /* Groups.swift */; };
		E04F4BD7271C54E1004085BB /* Friends.swift in Sources */ = {isa = PBXBuildFile; fileRef = E04F4BD6271C54E1004085BB /* Friends.swift */; };
		E06D9CDE26B44CE200C215DA /* AppDelegate.swift in Sources */ = {isa = PBXBuildFile; fileRef = E06D9CDD26B44CE200C215DA /* AppDelegate.swift */; };
		E06D9CE026B44CE200C215DA /* SceneDelegate.swift in Sources */ = {isa = PBXBuildFile; fileRef = E06D9CDF26B44CE200C215DA /* SceneDelegate.swift */; };
		E06D9CE226B44CE200C215DA /* LoginPageViewController.swift in Sources */ = {isa = PBXBuildFile; fileRef = E06D9CE126B44CE200C215DA /* LoginPageViewController.swift */; };
		E06D9CE526B44CE200C215DA /* Main.storyboard in Resources */ = {isa = PBXBuildFile; fileRef = E06D9CE326B44CE200C215DA /* Main.storyboard */; };
		E06D9CE726B44CE400C215DA /* Assets.xcassets in Resources */ = {isa = PBXBuildFile; fileRef = E06D9CE626B44CE400C215DA /* Assets.xcassets */; };
		E06D9CEA26B44CE400C215DA /* LaunchScreen.storyboard in Resources */ = {isa = PBXBuildFile; fileRef = E06D9CE826B44CE400C215DA /* LaunchScreen.storyboard */; };
		E06D9CF326B54F6900C215DA /* FriendsListTableViewController.swift in Sources */ = {isa = PBXBuildFile; fileRef = E06D9CF226B54F6900C215DA /* FriendsListTableViewController.swift */; };
		E06D9CF826B5ADED00C215DA /* AccountViewCell.swift in Sources */ = {isa = PBXBuildFile; fileRef = E06D9CF626B5ADED00C215DA /* AccountViewCell.swift */; };
		E06D9CF926B5ADED00C215DA /* AccountViewCell.xib in Resources */ = {isa = PBXBuildFile; fileRef = E06D9CF726B5ADED00C215DA /* AccountViewCell.xib */; };
		E06D9CFC26B5B21B00C215DA /* Friend.swift in Sources */ = {isa = PBXBuildFile; fileRef = E06D9CFB26B5B21B00C215DA /* Friend.swift */; };
		E06D9D0026B5C1D900C215DA /* ImageListCollectionViewController.swift in Sources */ = {isa = PBXBuildFile; fileRef = E06D9CFF26B5C1D900C215DA /* ImageListCollectionViewController.swift */; };
		E06D9D0526B7EA2E00C215DA /* ImageViewCell.swift in Sources */ = {isa = PBXBuildFile; fileRef = E06D9D0326B7EA2E00C215DA /* ImageViewCell.swift */; };
		E06D9D0626B7EA2E00C215DA /* ImageViewCell.xib in Resources */ = {isa = PBXBuildFile; fileRef = E06D9D0426B7EA2E00C215DA /* ImageViewCell.xib */; };
		E06D9D0826B8977E00C215DA /* Group.swift in Sources */ = {isa = PBXBuildFile; fileRef = E06D9D0726B8977E00C215DA /* Group.swift */; };
		E06D9D0D26B898F900C215DA /* GroupViewCell.swift in Sources */ = {isa = PBXBuildFile; fileRef = E06D9D0B26B898F900C215DA /* GroupViewCell.swift */; };
		E06D9D0E26B898F900C215DA /* GroupViewCell.xib in Resources */ = {isa = PBXBuildFile; fileRef = E06D9D0C26B898F900C215DA /* GroupViewCell.xib */; };
		E06D9D1026B89B1C00C215DA /* GroupsListTableViewController.swift in Sources */ = {isa = PBXBuildFile; fileRef = E06D9D0F26B89B1C00C215DA /* GroupsListTableViewController.swift */; };
		E06D9D1526B8A4D100C215DA /* AllGroupsListTableViewController.swift in Sources */ = {isa = PBXBuildFile; fileRef = E06D9D1426B8A4D100C215DA /* AllGroupsListTableViewController.swift */; };
		E06D9D2626BEF4AA00C215DA /* SearchControll.swift in Sources */ = {isa = PBXBuildFile; fileRef = E06D9D2526BEF4AA00C215DA /* SearchControll.swift */; };
		E06D9D2A26C1A56100C215DA /* NewsTableViewController.swift in Sources */ = {isa = PBXBuildFile; fileRef = E06D9D2926C1A56000C215DA /* NewsTableViewController.swift */; };
		E06D9D3126C5A3E100C215DA /* ParalaxTableView.swift in Sources */ = {isa = PBXBuildFile; fileRef = E06D9D3026C5A3E100C215DA /* ParalaxTableView.swift */; };
		E0718D5426EFC3EE003560A9 /* HeaderViewCell.swift in Sources */ = {isa = PBXBuildFile; fileRef = E0718D5226EFC3EE003560A9 /* HeaderViewCell.swift */; };
		E0718D5526EFC3EE003560A9 /* HeaderViewCell.xib in Resources */ = {isa = PBXBuildFile; fileRef = E0718D5326EFC3EE003560A9 /* HeaderViewCell.xib */; };
		E0718D5826EFC57E003560A9 /* TextViewCell.swift in Sources */ = {isa = PBXBuildFile; fileRef = E0718D5626EFC57E003560A9 /* TextViewCell.swift */; };
		E0718D5926EFC57E003560A9 /* TextViewCell.xib in Resources */ = {isa = PBXBuildFile; fileRef = E0718D5726EFC57E003560A9 /* TextViewCell.xib */; };
		E0718D6026EFC8E2003560A9 /* FooterViewCell.swift in Sources */ = {isa = PBXBuildFile; fileRef = E0718D5E26EFC8E2003560A9 /* FooterViewCell.swift */; };
		E0718D6126EFC8E2003560A9 /* FooterViewCell.xib in Resources */ = {isa = PBXBuildFile; fileRef = E0718D5F26EFC8E2003560A9 /* FooterViewCell.xib */; };
		E08B45EE26DD414F00151D14 /* LoginPageView.swift in Sources */ = {isa = PBXBuildFile; fileRef = E08B45ED26DD414F00151D14 /* LoginPageView.swift */; };
		E08B45F026DD416700151D14 /* LoginPageView.xib in Resources */ = {isa = PBXBuildFile; fileRef = E08B45EF26DD416700151D14 /* LoginPageView.xib */; };
		E08B45F426DD45B500151D14 /* NotificationExtensions.swift in Sources */ = {isa = PBXBuildFile; fileRef = E08B45F326DD45B500151D14 /* NotificationExtensions.swift */; };
		E09C22782705ECCD004D20C6 /* ImagesViewCell.swift in Sources */ = {isa = PBXBuildFile; fileRef = E09C22762705ECCD004D20C6 /* ImagesViewCell.swift */; };
		E09C22792705ECCD004D20C6 /* ImagesViewCell.xib in Resources */ = {isa = PBXBuildFile; fileRef = E09C22772705ECCD004D20C6 /* ImagesViewCell.xib */; };
		E0A9EE7826DA3FD800908E80 /* CustomInterectiveTransition.swift in Sources */ = {isa = PBXBuildFile; fileRef = E0A9EE7726DA3FD800908E80 /* CustomInterectiveTransition.swift */; };
		E0CCD41726C7DE2600A91624 /* News.swift in Sources */ = {isa = PBXBuildFile; fileRef = E0CCD41626C7DE2600A91624 /* News.swift */; };
		E0CCD41F26CF807900A91624 /* ImagePreviewViewController.swift in Sources */ = {isa = PBXBuildFile; fileRef = E0CCD41E26CF807900A91624 /* ImagePreviewViewController.swift */; };
		E0CCD42126CF849A00A91624 /* ImagePreviewCell.swift in Sources */ = {isa = PBXBuildFile; fileRef = E0CCD42026CF849A00A91624 /* ImagePreviewCell.swift */; };
		E0CCD43426D6ABE200A91624 /* Animator.swift in Sources */ = {isa = PBXBuildFile; fileRef = E0CCD43326D6ABE200A91624 /* Animator.swift */; };
		E0E4BBFB26FBAD9A00BFA358 /* ImageCollectionViewCell.swift in Sources */ = {isa = PBXBuildFile; fileRef = E0E4BBF926FBAD9A00BFA358 /* ImageCollectionViewCell.swift */; };
		E0E4BBFC26FBAD9A00BFA358 /* ImageCollectionViewCell.xib in Resources */ = {isa = PBXBuildFile; fileRef = E0E4BBFA26FBAD9A00BFA358 /* ImageCollectionViewCell.xib */; };
/* End PBXBuildFile section */

/* Begin PBXFileReference section */
		78EE98DDAABA37DC878F6881 /* Pods_1I_ValetiiVvedenskiy_InterfaceApp.framework */ = {isa = PBXFileReference; explicitFileType = wrapper.framework; includeInIndex = 0; path = Pods_1I_ValetiiVvedenskiy_InterfaceApp.framework; sourceTree = BUILT_PRODUCTS_DIR; };
		C0B9861977299DFA2CF96940 /* Pods-1I_ValetiiVvedenskiy_InterfaceApp.release.xcconfig */ = {isa = PBXFileReference; includeInIndex = 1; lastKnownFileType = text.xcconfig; name = "Pods-1I_ValetiiVvedenskiy_InterfaceApp.release.xcconfig"; path = "Target Support Files/Pods-1I_ValetiiVvedenskiy_InterfaceApp/Pods-1I_ValetiiVvedenskiy_InterfaceApp.release.xcconfig"; sourceTree = "<group>"; };
		D6514A1DBDDFAFFA2862FE14 /* Pods-1I_ValetiiVvedenskiy_InterfaceApp.debug.xcconfig */ = {isa = PBXFileReference; includeInIndex = 1; lastKnownFileType = text.xcconfig; name = "Pods-1I_ValetiiVvedenskiy_InterfaceApp.debug.xcconfig"; path = "Target Support Files/Pods-1I_ValetiiVvedenskiy_InterfaceApp/Pods-1I_ValetiiVvedenskiy_InterfaceApp.debug.xcconfig"; sourceTree = "<group>"; };
		E00819FD272078850055F1CD /* ImageView.swift */ = {isa = PBXFileReference; lastKnownFileType = sourcecode.swift; path = ImageView.swift; sourceTree = "<group>"; };
		E0081A012720A5340055F1CD /* VKFriendsDataSource.swift */ = {isa = PBXFileReference; lastKnownFileType = sourcecode.swift; path = VKFriendsDataSource.swift; sourceTree = "<group>"; };
		E0081A032720B34F0055F1CD /* VKPhotoDataSource.swift */ = {isa = PBXFileReference; lastKnownFileType = sourcecode.swift; path = VKPhotoDataSource.swift; sourceTree = "<group>"; };
		E0081A0527216A720055F1CD /* VKGroupsDataSource.swift */ = {isa = PBXFileReference; lastKnownFileType = sourcecode.swift; path = VKGroupsDataSource.swift; sourceTree = "<group>"; };
		E024F0F1271498000004071D /* Session.swift */ = {isa = PBXFileReference; lastKnownFileType = sourcecode.swift; path = Session.swift; sourceTree = "<group>"; };
		E04E17FB2721F91F0082F529 /* RPhoto.swift */ = {isa = PBXFileReference; fileEncoding = 4; lastKnownFileType = sourcecode.swift; path = RPhoto.swift; sourceTree = "<group>"; };
		E04E17FC2721F91F0082F529 /* RFriend.swift */ = {isa = PBXFileReference; fileEncoding = 4; lastKnownFileType = sourcecode.swift; path = RFriend.swift; sourceTree = "<group>"; };
		E04E17FD2721F91F0082F529 /* RGroup.swift */ = {isa = PBXFileReference; fileEncoding = 4; lastKnownFileType = sourcecode.swift; path = RGroup.swift; sourceTree = "<group>"; };
		E04F4BCB2716DF64004085BB /* VKDataSource.swift */ = {isa = PBXFileReference; lastKnownFileType = sourcecode.swift; path = VKDataSource.swift; sourceTree = "<group>"; };
		E04F4BCD2716DFC9004085BB /* SettingsApi.swift */ = {isa = PBXFileReference; lastKnownFileType = sourcecode.swift; path = SettingsApi.swift; sourceTree = "<group>"; };
		E04F4BD0271C4FEE004085BB /* UserJson.swift */ = {isa = PBXFileReference; lastKnownFileType = sourcecode.swift; path = UserJson.swift; sourceTree = "<group>"; };
		E04F4BD2271C5366004085BB /* Photo.swift */ = {isa = PBXFileReference; lastKnownFileType = sourcecode.swift; path = Photo.swift; sourceTree = "<group>"; };
		E04F4BD4271C5472004085BB /* Groups.swift */ = {isa = PBXFileReference; lastKnownFileType = sourcecode.swift; path = Groups.swift; sourceTree = "<group>"; };
		E04F4BD6271C54E1004085BB /* Friends.swift */ = {isa = PBXFileReference; lastKnownFileType = sourcecode.swift; path = Friends.swift; sourceTree = "<group>"; };
		E06D9CDA26B44CE200C215DA /* 1I_ValetiiVvedenskiy_InterfaceApp.app */ = {isa = PBXFileReference; explicitFileType = wrapper.application; includeInIndex = 0; path = 1I_ValetiiVvedenskiy_InterfaceApp.app; sourceTree = BUILT_PRODUCTS_DIR; };
		E06D9CDD26B44CE200C215DA /* AppDelegate.swift */ = {isa = PBXFileReference; lastKnownFileType = sourcecode.swift; path = AppDelegate.swift; sourceTree = "<group>"; };
		E06D9CDF26B44CE200C215DA /* SceneDelegate.swift */ = {isa = PBXFileReference; lastKnownFileType = sourcecode.swift; path = SceneDelegate.swift; sourceTree = "<group>"; };
		E06D9CE126B44CE200C215DA /* LoginPageViewController.swift */ = {isa = PBXFileReference; lastKnownFileType = sourcecode.swift; path = LoginPageViewController.swift; sourceTree = "<group>"; };
		E06D9CE426B44CE200C215DA /* Base */ = {isa = PBXFileReference; lastKnownFileType = file.storyboard; name = Base; path = Base.lproj/Main.storyboard; sourceTree = "<group>"; };
		E06D9CE626B44CE400C215DA /* Assets.xcassets */ = {isa = PBXFileReference; lastKnownFileType = folder.assetcatalog; path = Assets.xcassets; sourceTree = "<group>"; };
		E06D9CE926B44CE400C215DA /* Base */ = {isa = PBXFileReference; lastKnownFileType = file.storyboard; name = Base; path = Base.lproj/LaunchScreen.storyboard; sourceTree = "<group>"; };
		E06D9CEB26B44CE400C215DA /* Info.plist */ = {isa = PBXFileReference; lastKnownFileType = text.plist.xml; path = Info.plist; sourceTree = "<group>"; };
		E06D9CF226B54F6900C215DA /* FriendsListTableViewController.swift */ = {isa = PBXFileReference; lastKnownFileType = sourcecode.swift; path = FriendsListTableViewController.swift; sourceTree = "<group>"; };
		E06D9CF626B5ADED00C215DA /* AccountViewCell.swift */ = {isa = PBXFileReference; lastKnownFileType = sourcecode.swift; path = AccountViewCell.swift; sourceTree = "<group>"; };
		E06D9CF726B5ADED00C215DA /* AccountViewCell.xib */ = {isa = PBXFileReference; lastKnownFileType = file.xib; path = AccountViewCell.xib; sourceTree = "<group>"; };
		E06D9CFB26B5B21B00C215DA /* Friend.swift */ = {isa = PBXFileReference; lastKnownFileType = sourcecode.swift; path = Friend.swift; sourceTree = "<group>"; };
		E06D9CFF26B5C1D900C215DA /* ImageListCollectionViewController.swift */ = {isa = PBXFileReference; lastKnownFileType = sourcecode.swift; path = ImageListCollectionViewController.swift; sourceTree = "<group>"; };
		E06D9D0326B7EA2E00C215DA /* ImageViewCell.swift */ = {isa = PBXFileReference; lastKnownFileType = sourcecode.swift; path = ImageViewCell.swift; sourceTree = "<group>"; };
		E06D9D0426B7EA2E00C215DA /* ImageViewCell.xib */ = {isa = PBXFileReference; lastKnownFileType = file.xib; path = ImageViewCell.xib; sourceTree = "<group>"; };
		E06D9D0726B8977E00C215DA /* Group.swift */ = {isa = PBXFileReference; lastKnownFileType = sourcecode.swift; path = Group.swift; sourceTree = "<group>"; };
		E06D9D0B26B898F900C215DA /* GroupViewCell.swift */ = {isa = PBXFileReference; lastKnownFileType = sourcecode.swift; path = GroupViewCell.swift; sourceTree = "<group>"; };
		E06D9D0C26B898F900C215DA /* GroupViewCell.xib */ = {isa = PBXFileReference; lastKnownFileType = file.xib; path = GroupViewCell.xib; sourceTree = "<group>"; };
		E06D9D0F26B89B1C00C215DA /* GroupsListTableViewController.swift */ = {isa = PBXFileReference; lastKnownFileType = sourcecode.swift; path = GroupsListTableViewController.swift; sourceTree = "<group>"; };
		E06D9D1426B8A4D100C215DA /* AllGroupsListTableViewController.swift */ = {isa = PBXFileReference; lastKnownFileType = sourcecode.swift; path = AllGroupsListTableViewController.swift; sourceTree = "<group>"; };
		E06D9D2526BEF4AA00C215DA /* SearchControll.swift */ = {isa = PBXFileReference; lastKnownFileType = sourcecode.swift; path = SearchControll.swift; sourceTree = "<group>"; };
		E06D9D2926C1A56000C215DA /* NewsTableViewController.swift */ = {isa = PBXFileReference; lastKnownFileType = sourcecode.swift; path = NewsTableViewController.swift; sourceTree = "<group>"; };
		E06D9D3026C5A3E100C215DA /* ParalaxTableView.swift */ = {isa = PBXFileReference; lastKnownFileType = sourcecode.swift; path = ParalaxTableView.swift; sourceTree = "<group>"; };
		E0718D5226EFC3EE003560A9 /* HeaderViewCell.swift */ = {isa = PBXFileReference; lastKnownFileType = sourcecode.swift; path = HeaderViewCell.swift; sourceTree = "<group>"; };
		E0718D5326EFC3EE003560A9 /* HeaderViewCell.xib */ = {isa = PBXFileReference; lastKnownFileType = file.xib; path = HeaderViewCell.xib; sourceTree = "<group>"; };
		E0718D5626EFC57E003560A9 /* TextViewCell.swift */ = {isa = PBXFileReference; lastKnownFileType = sourcecode.swift; path = TextViewCell.swift; sourceTree = "<group>"; };
		E0718D5726EFC57E003560A9 /* TextViewCell.xib */ = {isa = PBXFileReference; lastKnownFileType = file.xib; path = TextViewCell.xib; sourceTree = "<group>"; };
		E0718D5E26EFC8E2003560A9 /* FooterViewCell.swift */ = {isa = PBXFileReference; lastKnownFileType = sourcecode.swift; path = FooterViewCell.swift; sourceTree = "<group>"; };
		E0718D5F26EFC8E2003560A9 /* FooterViewCell.xib */ = {isa = PBXFileReference; lastKnownFileType = file.xib; path = FooterViewCell.xib; sourceTree = "<group>"; };
		E08B45ED26DD414F00151D14 /* LoginPageView.swift */ = {isa = PBXFileReference; lastKnownFileType = sourcecode.swift; path = LoginPageView.swift; sourceTree = "<group>"; };
		E08B45EF26DD416700151D14 /* LoginPageView.xib */ = {isa = PBXFileReference; lastKnownFileType = file.xib; path = LoginPageView.xib; sourceTree = "<group>"; };
		E08B45F326DD45B500151D14 /* NotificationExtensions.swift */ = {isa = PBXFileReference; lastKnownFileType = sourcecode.swift; path = NotificationExtensions.swift; sourceTree = "<group>"; };
		E09C22762705ECCD004D20C6 /* ImagesViewCell.swift */ = {isa = PBXFileReference; lastKnownFileType = sourcecode.swift; path = ImagesViewCell.swift; sourceTree = "<group>"; };
		E09C22772705ECCD004D20C6 /* ImagesViewCell.xib */ = {isa = PBXFileReference; lastKnownFileType = file.xib; path = ImagesViewCell.xib; sourceTree = "<group>"; };
		E0A9EE7726DA3FD800908E80 /* CustomInterectiveTransition.swift */ = {isa = PBXFileReference; lastKnownFileType = sourcecode.swift; path = CustomInterectiveTransition.swift; sourceTree = "<group>"; };
		E0CCD41626C7DE2600A91624 /* News.swift */ = {isa = PBXFileReference; lastKnownFileType = sourcecode.swift; path = News.swift; sourceTree = "<group>"; };
		E0CCD41E26CF807900A91624 /* ImagePreviewViewController.swift */ = {isa = PBXFileReference; lastKnownFileType = sourcecode.swift; path = ImagePreviewViewController.swift; sourceTree = "<group>"; };
		E0CCD42026CF849A00A91624 /* ImagePreviewCell.swift */ = {isa = PBXFileReference; lastKnownFileType = sourcecode.swift; path = ImagePreviewCell.swift; sourceTree = "<group>"; };
		E0CCD43326D6ABE200A91624 /* Animator.swift */ = {isa = PBXFileReference; lastKnownFileType = sourcecode.swift; path = Animator.swift; sourceTree = "<group>"; };
		E0E4BBF926FBAD9A00BFA358 /* ImageCollectionViewCell.swift */ = {isa = PBXFileReference; lastKnownFileType = sourcecode.swift; path = ImageCollectionViewCell.swift; sourceTree = "<group>"; };
		E0E4BBFA26FBAD9A00BFA358 /* ImageCollectionViewCell.xib */ = {isa = PBXFileReference; lastKnownFileType = file.xib; path = ImageCollectionViewCell.xib; sourceTree = "<group>"; };
/* End PBXFileReference section */

/* Begin PBXFrameworksBuildPhase section */
		E06D9CD726B44CE200C215DA /* Frameworks */ = {
			isa = PBXFrameworksBuildPhase;
			buildActionMask = 2147483647;
			files = (
				2D5E02A283290EF663454B9E /* Pods_1I_ValetiiVvedenskiy_InterfaceApp.framework in Frameworks */,
			);
			runOnlyForDeploymentPostprocessing = 0;
		};
/* End PBXFrameworksBuildPhase section */

/* Begin PBXGroup section */
		51C5EFC37459EEC804E8F81B /* Pods */ = {
			isa = PBXGroup;
			children = (
				D6514A1DBDDFAFFA2862FE14 /* Pods-1I_ValetiiVvedenskiy_InterfaceApp.debug.xcconfig */,
				C0B9861977299DFA2CF96940 /* Pods-1I_ValetiiVvedenskiy_InterfaceApp.release.xcconfig */,
			);
			path = Pods;
			sourceTree = "<group>";
		};
		840FA48F8C0ED46617633723 /* Frameworks */ = {
			isa = PBXGroup;
			children = (
				78EE98DDAABA37DC878F6881 /* Pods_1I_ValetiiVvedenskiy_InterfaceApp.framework */,
			);
			name = Frameworks;
			sourceTree = "<group>";
		};
		E04E17F92721F91F0082F529 /* Realm */ = {
			isa = PBXGroup;
			children = (
				E04E17FA2721F91F0082F529 /* Models */,
			);
			path = Realm;
			sourceTree = "<group>";
		};
		E04E17FA2721F91F0082F529 /* Models */ = {
			isa = PBXGroup;
			children = (
				E04E17FB2721F91F0082F529 /* RPhoto.swift */,
				E04E17FC2721F91F0082F529 /* RFriend.swift */,
				E04E17FD2721F91F0082F529 /* RGroup.swift */,
			);
			path = Models;
			sourceTree = "<group>";
		};
		E04F4BCA2716DF45004085BB /* Sources */ = {
			isa = PBXGroup;
			children = (
				E04E17F92721F91F0082F529 /* Realm */,
				E04F4BCF271C4F81004085BB /* Models */,
				E04F4BCB2716DF64004085BB /* VKDataSource.swift */,
				E04F4BCD2716DFC9004085BB /* SettingsApi.swift */,
				E0081A012720A5340055F1CD /* VKFriendsDataSource.swift */,
				E0081A032720B34F0055F1CD /* VKPhotoDataSource.swift */,
				E0081A0527216A720055F1CD /* VKGroupsDataSource.swift */,
			);
			path = Sources;
			sourceTree = "<group>";
		};
		E04F4BCF271C4F81004085BB /* Models */ = {
			isa = PBXGroup;
			children = (
				E04F4BD0271C4FEE004085BB /* UserJson.swift */,
				E04F4BD2271C5366004085BB /* Photo.swift */,
				E04F4BD4271C5472004085BB /* Groups.swift */,
				E04F4BD6271C54E1004085BB /* Friends.swift */,
			);
			path = Models;
			sourceTree = "<group>";
		};
		E06D9CD126B44CE100C215DA = {
			isa = PBXGroup;
			children = (
				E06D9CDC26B44CE200C215DA /* 1I_ValetiiVvedenskiy_InterfaceApp */,
				E06D9CDB26B44CE200C215DA /* Products */,
				51C5EFC37459EEC804E8F81B /* Pods */,
				840FA48F8C0ED46617633723 /* Frameworks */,
			);
			sourceTree = "<group>";
		};
		E06D9CDB26B44CE200C215DA /* Products */ = {
			isa = PBXGroup;
			children = (
				E06D9CDA26B44CE200C215DA /* 1I_ValetiiVvedenskiy_InterfaceApp.app */,
			);
			name = Products;
			sourceTree = "<group>";
		};
		E06D9CDC26B44CE200C215DA /* 1I_ValetiiVvedenskiy_InterfaceApp */ = {
			isa = PBXGroup;
			children = (
				E04F4BCA2716DF45004085BB /* Sources */,
				E08B45F226DD459700151D14 /* Extensions */,
				E08B45EB26DD411100151D14 /* Scenes */,
				E0CCD43226D6A8B500A91624 /* Animations */,
				E06D9D2F26C5A3C100C215DA /* Paralax */,
				E06D9D1B26BD7B6900C215DA /* Controls */,
				E06D9CFA26B5B20200C215DA /* Models */,
				E06D9CDD26B44CE200C215DA /* AppDelegate.swift */,
				E06D9CDF26B44CE200C215DA /* SceneDelegate.swift */,
				E06D9CE326B44CE200C215DA /* Main.storyboard */,
				E06D9CE626B44CE400C215DA /* Assets.xcassets */,
				E06D9CE826B44CE400C215DA /* LaunchScreen.storyboard */,
				E06D9CEB26B44CE400C215DA /* Info.plist */,
			);
			path = 1I_ValetiiVvedenskiy_InterfaceApp;
			sourceTree = "<group>";
		};
		E06D9CF526B5ADC000C215DA /* Cells */ = {
			isa = PBXGroup;
			children = (
				E0718D5226EFC3EE003560A9 /* HeaderViewCell.swift */,
				E0718D5326EFC3EE003560A9 /* HeaderViewCell.xib */,
				E0718D5626EFC57E003560A9 /* TextViewCell.swift */,
				E0718D5726EFC57E003560A9 /* TextViewCell.xib */,
				E0718D5E26EFC8E2003560A9 /* FooterViewCell.swift */,
				E0718D5F26EFC8E2003560A9 /* FooterViewCell.xib */,
				E0E4BBF926FBAD9A00BFA358 /* ImageCollectionViewCell.swift */,
				E0E4BBFA26FBAD9A00BFA358 /* ImageCollectionViewCell.xib */,
				E09C22762705ECCD004D20C6 /* ImagesViewCell.swift */,
				E09C22772705ECCD004D20C6 /* ImagesViewCell.xib */,
			);
			path = Cells;
			sourceTree = "<group>";
		};
		E06D9CFA26B5B20200C215DA /* Models */ = {
			isa = PBXGroup;
			children = (
				E06D9CFB26B5B21B00C215DA /* Friend.swift */,
				E06D9D0726B8977E00C215DA /* Group.swift */,
				E0CCD41626C7DE2600A91624 /* News.swift */,
				E024F0F1271498000004071D /* Session.swift */,
			);
			path = Models;
			sourceTree = "<group>";
		};
		E06D9D1B26BD7B6900C215DA /* Controls */ = {
			isa = PBXGroup;
			children = (
				E06D9D2526BEF4AA00C215DA /* SearchControll.swift */,
			);
			path = Controls;
			sourceTree = "<group>";
		};
		E06D9D2F26C5A3C100C215DA /* Paralax */ = {
			isa = PBXGroup;
			children = (
				E06D9D3026C5A3E100C215DA /* ParalaxTableView.swift */,
			);
			path = Paralax;
			sourceTree = "<group>";
		};
		E0718D5126EFBE12003560A9 /* NewsPage */ = {
			isa = PBXGroup;
			children = (
				E06D9D2926C1A56000C215DA /* NewsTableViewController.swift */,
				E06D9CF526B5ADC000C215DA /* Cells */,
			);
			path = NewsPage;
			sourceTree = "<group>";
		};
		E08B45EB26DD411100151D14 /* Scenes */ = {
			isa = PBXGroup;
			children = (
				E0718D5126EFBE12003560A9 /* NewsPage */,
				E08B470926E7D3DC00151D14 /* GroupPage */,
				E08B45F526DE286600151D14 /* FriendsPage */,
				E08B45FD26DE950A00151D14 /* FotosPage */,
				E08B45F126DD450800151D14 /* LoginPage */,
			);
			path = Scenes;
			sourceTree = "<group>";
		};
		E08B45EC26DD411B00151D14 /* Views */ = {
			isa = PBXGroup;
			children = (
				E08B45ED26DD414F00151D14 /* LoginPageView.swift */,
				E08B45EF26DD416700151D14 /* LoginPageView.xib */,
			);
			path = Views;
			sourceTree = "<group>";
		};
		E08B45F126DD450800151D14 /* LoginPage */ = {
			isa = PBXGroup;
			children = (
				E06D9CE126B44CE200C215DA /* LoginPageViewController.swift */,
				E08B45EC26DD411B00151D14 /* Views */,
			);
			path = LoginPage;
			sourceTree = "<group>";
		};
		E08B45F226DD459700151D14 /* Extensions */ = {
			isa = PBXGroup;
			children = (
				E08B45F326DD45B500151D14 /* NotificationExtensions.swift */,
				E00819FD272078850055F1CD /* ImageView.swift */,
			);
			path = Extensions;
			sourceTree = "<group>";
		};
		E08B45F526DE286600151D14 /* FriendsPage */ = {
			isa = PBXGroup;
			children = (
				E08B45F626DE2A9500151D14 /* Cells */,
				E06D9CF226B54F6900C215DA /* FriendsListTableViewController.swift */,
			);
			path = FriendsPage;
			sourceTree = "<group>";
		};
		E08B45F626DE2A9500151D14 /* Cells */ = {
			isa = PBXGroup;
			children = (
				E06D9CF626B5ADED00C215DA /* AccountViewCell.swift */,
				E06D9CF726B5ADED00C215DA /* AccountViewCell.xib */,
			);
			path = Cells;
			sourceTree = "<group>";
		};
		E08B45FD26DE950A00151D14 /* FotosPage */ = {
			isa = PBXGroup;
			children = (
				E0CCD41E26CF807900A91624 /* ImagePreviewViewController.swift */,
				E06D9CFF26B5C1D900C215DA /* ImageListCollectionViewController.swift */,
				E08B45FE26DE952800151D14 /* Cells */,
			);
			path = FotosPage;
			sourceTree = "<group>";
		};
		E08B45FE26DE952800151D14 /* Cells */ = {
			isa = PBXGroup;
			children = (
				E0CCD42026CF849A00A91624 /* ImagePreviewCell.swift */,
				E06D9D0326B7EA2E00C215DA /* ImageViewCell.swift */,
				E06D9D0426B7EA2E00C215DA /* ImageViewCell.xib */,
			);
			path = Cells;
			sourceTree = "<group>";
		};
		E08B470926E7D3DC00151D14 /* GroupPage */ = {
			isa = PBXGroup;
			children = (
				E06D9D0F26B89B1C00C215DA /* GroupsListTableViewController.swift */,
				E06D9D1426B8A4D100C215DA /* AllGroupsListTableViewController.swift */,
				E08B470A26E7D3ED00151D14 /* Cells */,
			);
			path = GroupPage;
			sourceTree = "<group>";
		};
		E08B470A26E7D3ED00151D14 /* Cells */ = {
			isa = PBXGroup;
			children = (
				E06D9D0B26B898F900C215DA /* GroupViewCell.swift */,
				E06D9D0C26B898F900C215DA /* GroupViewCell.xib */,
			);
			path = Cells;
			sourceTree = "<group>";
		};
		E0CCD43226D6A8B500A91624 /* Animations */ = {
			isa = PBXGroup;
			children = (
				E0CCD43326D6ABE200A91624 /* Animator.swift */,
				E0A9EE7726DA3FD800908E80 /* CustomInterectiveTransition.swift */,
			);
			path = Animations;
			sourceTree = "<group>";
		};
/* End PBXGroup section */

/* Begin PBXNativeTarget section */
		E06D9CD926B44CE200C215DA /* 1I_ValetiiVvedenskiy_InterfaceApp */ = {
			isa = PBXNativeTarget;
			buildConfigurationList = E06D9CEE26B44CE400C215DA /* Build configuration list for PBXNativeTarget "1I_ValetiiVvedenskiy_InterfaceApp" */;
			buildPhases = (
				16929490F41729C58FB0CE8E /* [CP] Check Pods Manifest.lock */,
				E06D9CD626B44CE200C215DA /* Sources */,
				E06D9CD726B44CE200C215DA /* Frameworks */,
				E06D9CD826B44CE200C215DA /* Resources */,
				F5C2CA52A34B223835584711 /* [CP] Embed Pods Frameworks */,
			);
			buildRules = (
			);
			dependencies = (
			);
			name = 1I_ValetiiVvedenskiy_InterfaceApp;
			productName = 1I_ValetiiVvedenskiy_InterfaceApp;
			productReference = E06D9CDA26B44CE200C215DA /* 1I_ValetiiVvedenskiy_InterfaceApp.app */;
			productType = "com.apple.product-type.application";
		};
/* End PBXNativeTarget section */

/* Begin PBXProject section */
		E06D9CD226B44CE100C215DA /* Project object */ = {
			isa = PBXProject;
			attributes = {
				LastSwiftUpdateCheck = 1250;
				LastUpgradeCheck = 1250;
				TargetAttributes = {
					E06D9CD926B44CE200C215DA = {
						CreatedOnToolsVersion = 12.5.1;
					};
				};
			};
			buildConfigurationList = E06D9CD526B44CE100C215DA /* Build configuration list for PBXProject "1I_ValetiiVvedenskiy_InterfaceApp" */;
			compatibilityVersion = "Xcode 9.3";
			developmentRegion = en;
			hasScannedForEncodings = 0;
			knownRegions = (
				en,
				Base,
			);
			mainGroup = E06D9CD126B44CE100C215DA;
			productRefGroup = E06D9CDB26B44CE200C215DA /* Products */;
			projectDirPath = "";
			projectRoot = "";
			targets = (
				E06D9CD926B44CE200C215DA /* 1I_ValetiiVvedenskiy_InterfaceApp */,
			);
		};
/* End PBXProject section */

/* Begin PBXResourcesBuildPhase section */
		E06D9CD826B44CE200C215DA /* Resources */ = {
			isa = PBXResourcesBuildPhase;
			buildActionMask = 2147483647;
			files = (
				E09C22792705ECCD004D20C6 /* ImagesViewCell.xib in Resources */,
				E0718D5526EFC3EE003560A9 /* HeaderViewCell.xib in Resources */,
				E06D9CF926B5ADED00C215DA /* AccountViewCell.xib in Resources */,
				E06D9D0626B7EA2E00C215DA /* ImageViewCell.xib in Resources */,
				E06D9D0E26B898F900C215DA /* GroupViewCell.xib in Resources */,
				E08B45F026DD416700151D14 /* LoginPageView.xib in Resources */,
				E06D9CEA26B44CE400C215DA /* LaunchScreen.storyboard in Resources */,
				E0718D6126EFC8E2003560A9 /* FooterViewCell.xib in Resources */,
				E06D9CE726B44CE400C215DA /* Assets.xcassets in Resources */,
				E06D9CE526B44CE200C215DA /* Main.storyboard in Resources */,
				E0E4BBFC26FBAD9A00BFA358 /* ImageCollectionViewCell.xib in Resources */,
				E0718D5926EFC57E003560A9 /* TextViewCell.xib in Resources */,
			);
			runOnlyForDeploymentPostprocessing = 0;
		};
/* End PBXResourcesBuildPhase section */

/* Begin PBXShellScriptBuildPhase section */
		16929490F41729C58FB0CE8E /* [CP] Check Pods Manifest.lock */ = {
			isa = PBXShellScriptBuildPhase;
			buildActionMask = 2147483647;
			files = (
			);
			inputFileListPaths = (
			);
			inputPaths = (
				"${PODS_PODFILE_DIR_PATH}/Podfile.lock",
				"${PODS_ROOT}/Manifest.lock",
			);
			name = "[CP] Check Pods Manifest.lock";
			outputFileListPaths = (
			);
			outputPaths = (
				"$(DERIVED_FILE_DIR)/Pods-1I_ValetiiVvedenskiy_InterfaceApp-checkManifestLockResult.txt",
			);
			runOnlyForDeploymentPostprocessing = 0;
			shellPath = /bin/sh;
			shellScript = "diff \"${PODS_PODFILE_DIR_PATH}/Podfile.lock\" \"${PODS_ROOT}/Manifest.lock\" > /dev/null\nif [ $? != 0 ] ; then\n    # print error to STDERR\n    echo \"error: The sandbox is not in sync with the Podfile.lock. Run 'pod install' or update your CocoaPods installation.\" >&2\n    exit 1\nfi\n# This output is used by Xcode 'outputs' to avoid re-running this script phase.\necho \"SUCCESS\" > \"${SCRIPT_OUTPUT_FILE_0}\"\n";
			showEnvVarsInLog = 0;
		};
		F5C2CA52A34B223835584711 /* [CP] Embed Pods Frameworks */ = {
			isa = PBXShellScriptBuildPhase;
			buildActionMask = 2147483647;
			files = (
			);
			inputFileListPaths = (
				"${PODS_ROOT}/Target Support Files/Pods-1I_ValetiiVvedenskiy_InterfaceApp/Pods-1I_ValetiiVvedenskiy_InterfaceApp-frameworks-${CONFIGURATION}-input-files.xcfilelist",
			);
			name = "[CP] Embed Pods Frameworks";
			outputFileListPaths = (
				"${PODS_ROOT}/Target Support Files/Pods-1I_ValetiiVvedenskiy_InterfaceApp/Pods-1I_ValetiiVvedenskiy_InterfaceApp-frameworks-${CONFIGURATION}-output-files.xcfilelist",
			);
			runOnlyForDeploymentPostprocessing = 0;
			shellPath = /bin/sh;
			shellScript = "\"${PODS_ROOT}/Target Support Files/Pods-1I_ValetiiVvedenskiy_InterfaceApp/Pods-1I_ValetiiVvedenskiy_InterfaceApp-frameworks.sh\"\n";
			showEnvVarsInLog = 0;
		};
/* End PBXShellScriptBuildPhase section */

/* Begin PBXSourcesBuildPhase section */
		E06D9CD626B44CE200C215DA /* Sources */ = {
			isa = PBXSourcesBuildPhase;
			buildActionMask = 2147483647;
			files = (
				E06D9D2626BEF4AA00C215DA /* SearchControll.swift in Sources */,
				E04F4BD5271C5472004085BB /* Groups.swift in Sources */,
				E04E17FF2721F91F0082F529 /* RFriend.swift in Sources */,
				E024F0F2271498000004071D /* Session.swift in Sources */,
				E04F4BD1271C4FEE004085BB /* UserJson.swift in Sources */,
				E06D9D0826B8977E00C215DA /* Group.swift in Sources */,
				E0081A042720B34F0055F1CD /* VKPhotoDataSource.swift in Sources */,
				E06D9D2A26C1A56100C215DA /* NewsTableViewController.swift in Sources */,
				E04F4BCC2716DF64004085BB /* VKDataSource.swift in Sources */,
				E04F4BD7271C54E1004085BB /* Friends.swift in Sources */,
				E06D9CF326B54F6900C215DA /* FriendsListTableViewController.swift in Sources */,
				E06D9D3126C5A3E100C215DA /* ParalaxTableView.swift in Sources */,
				E06D9CE226B44CE200C215DA /* LoginPageViewController.swift in Sources */,
				E06D9CDE26B44CE200C215DA /* AppDelegate.swift in Sources */,
				E06D9D0026B5C1D900C215DA /* ImageListCollectionViewController.swift in Sources */,
				E0E4BBFB26FBAD9A00BFA358 /* ImageCollectionViewCell.swift in Sources */,
				E0A9EE7826DA3FD800908E80 /* CustomInterectiveTransition.swift in Sources */,
				E0CCD43426D6ABE200A91624 /* Animator.swift in Sources */,
				E08B45EE26DD414F00151D14 /* LoginPageView.swift in Sources */,
				E0718D5826EFC57E003560A9 /* TextViewCell.swift in Sources */,
				E0081A0627216A720055F1CD /* VKGroupsDataSource.swift in Sources */,
				E06D9D0526B7EA2E00C215DA /* ImageViewCell.swift in Sources */,
				E04F4BD3271C5366004085BB /* Photo.swift in Sources */,
				E0718D5426EFC3EE003560A9 /* HeaderViewCell.swift in Sources */,
				E04F4BCE2716DFC9004085BB /* SettingsApi.swift in Sources */,
				E0CCD42126CF849A00A91624 /* ImagePreviewCell.swift in Sources */,
				E0081A022720A5340055F1CD /* VKFriendsDataSource.swift in Sources */,
				E00819FE272078850055F1CD /* ImageView.swift in Sources */,
				E08B45F426DD45B500151D14 /* NotificationExtensions.swift in Sources */,
				E06D9D1526B8A4D100C215DA /* AllGroupsListTableViewController.swift in Sources */,
				E06D9D1026B89B1C00C215DA /* GroupsListTableViewController.swift in Sources */,
				E06D9CE026B44CE200C215DA /* SceneDelegate.swift in Sources */,
				E04E17FE2721F91F0082F529 /* RPhoto.swift in Sources */,
				E06D9CF826B5ADED00C215DA /* AccountViewCell.swift in Sources */,
				E0CCD41F26CF807900A91624 /* ImagePreviewViewController.swift in Sources */,
				E0718D6026EFC8E2003560A9 /* FooterViewCell.swift in Sources */,
				E04E18002721F91F0082F529 /* RGroup.swift in Sources */,
				E06D9D0D26B898F900C215DA /* GroupViewCell.swift in Sources */,
				E0CCD41726C7DE2600A91624 /* News.swift in Sources */,
				E09C22782705ECCD004D20C6 /* ImagesViewCell.swift in Sources */,
				E06D9CFC26B5B21B00C215DA /* Friend.swift in Sources */,
			);
			runOnlyForDeploymentPostprocessing = 0;
		};
/* End PBXSourcesBuildPhase section */

/* Begin PBXVariantGroup section */
		E06D9CE326B44CE200C215DA /* Main.storyboard */ = {
			isa = PBXVariantGroup;
			children = (
				E06D9CE426B44CE200C215DA /* Base */,
			);
			name = Main.storyboard;
			sourceTree = "<group>";
		};
		E06D9CE826B44CE400C215DA /* LaunchScreen.storyboard */ = {
			isa = PBXVariantGroup;
			children = (
				E06D9CE926B44CE400C215DA /* Base */,
			);
			name = LaunchScreen.storyboard;
			sourceTree = "<group>";
		};
/* End PBXVariantGroup section */

/* Begin XCBuildConfiguration section */
		E06D9CEC26B44CE400C215DA /* Debug */ = {
			isa = XCBuildConfiguration;
			buildSettings = {
				ALWAYS_SEARCH_USER_PATHS = NO;
				CLANG_ANALYZER_NONNULL = YES;
				CLANG_ANALYZER_NUMBER_OBJECT_CONVERSION = YES_AGGRESSIVE;
				CLANG_CXX_LANGUAGE_STANDARD = "gnu++14";
				CLANG_CXX_LIBRARY = "libc++";
				CLANG_ENABLE_MODULES = YES;
				CLANG_ENABLE_OBJC_ARC = YES;
				CLANG_ENABLE_OBJC_WEAK = YES;
				CLANG_WARN_BLOCK_CAPTURE_AUTORELEASING = YES;
				CLANG_WARN_BOOL_CONVERSION = YES;
				CLANG_WARN_COMMA = YES;
				CLANG_WARN_CONSTANT_CONVERSION = YES;
				CLANG_WARN_DEPRECATED_OBJC_IMPLEMENTATIONS = YES;
				CLANG_WARN_DIRECT_OBJC_ISA_USAGE = YES_ERROR;
				CLANG_WARN_DOCUMENTATION_COMMENTS = YES;
				CLANG_WARN_EMPTY_BODY = YES;
				CLANG_WARN_ENUM_CONVERSION = YES;
				CLANG_WARN_INFINITE_RECURSION = YES;
				CLANG_WARN_INT_CONVERSION = YES;
				CLANG_WARN_NON_LITERAL_NULL_CONVERSION = YES;
				CLANG_WARN_OBJC_IMPLICIT_RETAIN_SELF = YES;
				CLANG_WARN_OBJC_LITERAL_CONVERSION = YES;
				CLANG_WARN_OBJC_ROOT_CLASS = YES_ERROR;
				CLANG_WARN_QUOTED_INCLUDE_IN_FRAMEWORK_HEADER = YES;
				CLANG_WARN_RANGE_LOOP_ANALYSIS = YES;
				CLANG_WARN_STRICT_PROTOTYPES = YES;
				CLANG_WARN_SUSPICIOUS_MOVE = YES;
				CLANG_WARN_UNGUARDED_AVAILABILITY = YES_AGGRESSIVE;
				CLANG_WARN_UNREACHABLE_CODE = YES;
				CLANG_WARN__DUPLICATE_METHOD_MATCH = YES;
				COPY_PHASE_STRIP = NO;
				DEBUG_INFORMATION_FORMAT = dwarf;
				ENABLE_STRICT_OBJC_MSGSEND = YES;
				ENABLE_TESTABILITY = YES;
				GCC_C_LANGUAGE_STANDARD = gnu11;
				GCC_DYNAMIC_NO_PIC = NO;
				GCC_NO_COMMON_BLOCKS = YES;
				GCC_OPTIMIZATION_LEVEL = 0;
				GCC_PREPROCESSOR_DEFINITIONS = (
					"DEBUG=1",
					"$(inherited)",
				);
				GCC_WARN_64_TO_32_BIT_CONVERSION = YES;
				GCC_WARN_ABOUT_RETURN_TYPE = YES_ERROR;
				GCC_WARN_UNDECLARED_SELECTOR = YES;
				GCC_WARN_UNINITIALIZED_AUTOS = YES_AGGRESSIVE;
				GCC_WARN_UNUSED_FUNCTION = YES;
				GCC_WARN_UNUSED_VARIABLE = YES;
				IPHONEOS_DEPLOYMENT_TARGET = 14.5;
				MTL_ENABLE_DEBUG_INFO = INCLUDE_SOURCE;
				MTL_FAST_MATH = YES;
				ONLY_ACTIVE_ARCH = YES;
				SDKROOT = iphoneos;
				SWIFT_ACTIVE_COMPILATION_CONDITIONS = DEBUG;
				SWIFT_OPTIMIZATION_LEVEL = "-Onone";
			};
			name = Debug;
		};
		E06D9CED26B44CE400C215DA /* Release */ = {
			isa = XCBuildConfiguration;
			buildSettings = {
				ALWAYS_SEARCH_USER_PATHS = NO;
				CLANG_ANALYZER_NONNULL = YES;
				CLANG_ANALYZER_NUMBER_OBJECT_CONVERSION = YES_AGGRESSIVE;
				CLANG_CXX_LANGUAGE_STANDARD = "gnu++14";
				CLANG_CXX_LIBRARY = "libc++";
				CLANG_ENABLE_MODULES = YES;
				CLANG_ENABLE_OBJC_ARC = YES;
				CLANG_ENABLE_OBJC_WEAK = YES;
				CLANG_WARN_BLOCK_CAPTURE_AUTORELEASING = YES;
				CLANG_WARN_BOOL_CONVERSION = YES;
				CLANG_WARN_COMMA = YES;
				CLANG_WARN_CONSTANT_CONVERSION = YES;
				CLANG_WARN_DEPRECATED_OBJC_IMPLEMENTATIONS = YES;
				CLANG_WARN_DIRECT_OBJC_ISA_USAGE = YES_ERROR;
				CLANG_WARN_DOCUMENTATION_COMMENTS = YES;
				CLANG_WARN_EMPTY_BODY = YES;
				CLANG_WARN_ENUM_CONVERSION = YES;
				CLANG_WARN_INFINITE_RECURSION = YES;
				CLANG_WARN_INT_CONVERSION = YES;
				CLANG_WARN_NON_LITERAL_NULL_CONVERSION = YES;
				CLANG_WARN_OBJC_IMPLICIT_RETAIN_SELF = YES;
				CLANG_WARN_OBJC_LITERAL_CONVERSION = YES;
				CLANG_WARN_OBJC_ROOT_CLASS = YES_ERROR;
				CLANG_WARN_QUOTED_INCLUDE_IN_FRAMEWORK_HEADER = YES;
				CLANG_WARN_RANGE_LOOP_ANALYSIS = YES;
				CLANG_WARN_STRICT_PROTOTYPES = YES;
				CLANG_WARN_SUSPICIOUS_MOVE = YES;
				CLANG_WARN_UNGUARDED_AVAILABILITY = YES_AGGRESSIVE;
				CLANG_WARN_UNREACHABLE_CODE = YES;
				CLANG_WARN__DUPLICATE_METHOD_MATCH = YES;
				COPY_PHASE_STRIP = NO;
				DEBUG_INFORMATION_FORMAT = "dwarf-with-dsym";
				ENABLE_NS_ASSERTIONS = NO;
				ENABLE_STRICT_OBJC_MSGSEND = YES;
				GCC_C_LANGUAGE_STANDARD = gnu11;
				GCC_NO_COMMON_BLOCKS = YES;
				GCC_WARN_64_TO_32_BIT_CONVERSION = YES;
				GCC_WARN_ABOUT_RETURN_TYPE = YES_ERROR;
				GCC_WARN_UNDECLARED_SELECTOR = YES;
				GCC_WARN_UNINITIALIZED_AUTOS = YES_AGGRESSIVE;
				GCC_WARN_UNUSED_FUNCTION = YES;
				GCC_WARN_UNUSED_VARIABLE = YES;
				IPHONEOS_DEPLOYMENT_TARGET = 14.5;
				MTL_ENABLE_DEBUG_INFO = NO;
				MTL_FAST_MATH = YES;
				SDKROOT = iphoneos;
				SWIFT_COMPILATION_MODE = wholemodule;
				SWIFT_OPTIMIZATION_LEVEL = "-O";
				VALIDATE_PRODUCT = YES;
			};
			name = Release;
		};
		E06D9CEF26B44CE400C215DA /* Debug */ = {
			isa = XCBuildConfiguration;
			baseConfigurationReference = D6514A1DBDDFAFFA2862FE14 /* Pods-1I_ValetiiVvedenskiy_InterfaceApp.debug.xcconfig */;
			buildSettings = {
				ASSETCATALOG_COMPILER_APPICON_NAME = AppIcon;
				ASSETCATALOG_COMPILER_GLOBAL_ACCENT_COLOR_NAME = AccentColor;
				CODE_SIGN_STYLE = Automatic;
				DEVELOPMENT_TEAM = 7BZ6VJ9448;
				INFOPLIST_FILE = 1I_ValetiiVvedenskiy_InterfaceApp/Info.plist;
				LD_RUNPATH_SEARCH_PATHS = (
					"$(inherited)",
					"@executable_path/Frameworks",
				);
				PRODUCT_BUNDLE_IDENTIFIER = "com.geekBrains.-I-ValetiiVvedenskiy-InterfaceApp";
				PRODUCT_NAME = "$(TARGET_NAME)";
				SWIFT_VERSION = 5.0;
				TARGETED_DEVICE_FAMILY = "1,2";
			};
			name = Debug;
		};
		E06D9CF026B44CE400C215DA /* Release */ = {
			isa = XCBuildConfiguration;
			baseConfigurationReference = C0B9861977299DFA2CF96940 /* Pods-1I_ValetiiVvedenskiy_InterfaceApp.release.xcconfig */;
			buildSettings = {
				ASSETCATALOG_COMPILER_APPICON_NAME = AppIcon;
				ASSETCATALOG_COMPILER_GLOBAL_ACCENT_COLOR_NAME = AccentColor;
				CODE_SIGN_STYLE = Automatic;
				DEVELOPMENT_TEAM = 7BZ6VJ9448;
				INFOPLIST_FILE = 1I_ValetiiVvedenskiy_InterfaceApp/Info.plist;
				LD_RUNPATH_SEARCH_PATHS = (
					"$(inherited)",
					"@executable_path/Frameworks",
				);
				PRODUCT_BUNDLE_IDENTIFIER = "com.geekBrains.-I-ValetiiVvedenskiy-InterfaceApp";
				PRODUCT_NAME = "$(TARGET_NAME)";
				SWIFT_VERSION = 5.0;
				TARGETED_DEVICE_FAMILY = "1,2";
			};
			name = Release;
		};
/* End XCBuildConfiguration section */

/* Begin XCConfigurationList section */
		E06D9CD526B44CE100C215DA /* Build configuration list for PBXProject "1I_ValetiiVvedenskiy_InterfaceApp" */ = {
			isa = XCConfigurationList;
			buildConfigurations = (
				E06D9CEC26B44CE400C215DA /* Debug */,
				E06D9CED26B44CE400C215DA /* Release */,
			);
			defaultConfigurationIsVisible = 0;
			defaultConfigurationName = Release;
		};
		E06D9CEE26B44CE400C215DA /* Build configuration list for PBXNativeTarget "1I_ValetiiVvedenskiy_InterfaceApp" */ = {
			isa = XCConfigurationList;
			buildConfigurations = (
				E06D9CEF26B44CE400C215DA /* Debug */,
				E06D9CF026B44CE400C215DA /* Release */,
			);
			defaultConfigurationIsVisible = 0;
			defaultConfigurationName = Release;
		};
/* End XCConfigurationList section */
	};
	rootObject = E06D9CD226B44CE100C215DA /* Project object */;
}
