// !$*UTF8*$!
{
	archiveVersion = 1;
	classes = {
	};
	objectVersion = 50;
	objects = {

/* Begin PBXBuildFile section */
		E06D9CDE26B44CE200C215DA /* AppDelegate.swift in Sources */ = {isa = PBXBuildFile; fileRef = E06D9CDD26B44CE200C215DA /* AppDelegate.swift */; };
		E06D9CE026B44CE200C215DA /* SceneDelegate.swift in Sources */ = {isa = PBXBuildFile; fileRef = E06D9CDF26B44CE200C215DA /* SceneDelegate.swift */; };
		E06D9CE226B44CE200C215DA /* LoginPageViewController.swift in Sources */ = {isa = PBXBuildFile; fileRef = E06D9CE126B44CE200C215DA /* LoginPageViewController.swift */; };
		E06D9CE526B44CE200C215DA /* Main.storyboard in Resources */ = {isa = PBXBuildFile; fileRef = E06D9CE326B44CE200C215DA /* Main.storyboard */; };
		E06D9CE726B44CE400C215DA /* Assets.xcassets in Resources */ = {isa = PBXBuildFile; fileRef = E06D9CE626B44CE400C215DA /* Assets.xcassets */; };
		E06D9CEA26B44CE400C215DA /* LaunchScreen.storyboard in Resources */ = {isa = PBXBuildFile; fileRef = E06D9CE826B44CE400C215DA /* LaunchScreen.storyboard */; };
		E06D9CF326B54F6900C215DA /* FriendsListTableViewController.swift in Sources */ = {isa = PBXBuildFile; fileRef = E06D9CF226B54F6900C215DA /* FriendsListTableViewController.swift */; };
		E06D9CF826B5ADED00C215DA /* AccountViewCell.swift in Sources */ = {isa = PBXBuildFile; fileRef = E06D9CF626B5ADED00C215DA /* AccountViewCell.swift */; };
		E06D9CF926B5ADED00C215DA /* AccountViewCell.xib in Resources */ = {isa = PBXBuildFile; fileRef = E06D9CF726B5ADED00C215DA /* AccountViewCell.xib */; };
		E06D9CFC26B5B21B00C215DA /* User.swift in Sources */ = {isa = PBXBuildFile; fileRef = E06D9CFB26B5B21B00C215DA /* User.swift */; };
		E06D9D0026B5C1D900C215DA /* ImageListCollectionViewController.swift in Sources */ = {isa = PBXBuildFile; fileRef = E06D9CFF26B5C1D900C215DA /* ImageListCollectionViewController.swift */; };
		E06D9D0526B7EA2E00C215DA /* ImageViewCell.swift in Sources */ = {isa = PBXBuildFile; fileRef = E06D9D0326B7EA2E00C215DA /* ImageViewCell.swift */; };
		E06D9D0626B7EA2E00C215DA /* ImageViewCell.xib in Resources */ = {isa = PBXBuildFile; fileRef = E06D9D0426B7EA2E00C215DA /* ImageViewCell.xib */; };
		E06D9D0826B8977E00C215DA /* Group.swift in Sources */ = {isa = PBXBuildFile; fileRef = E06D9D0726B8977E00C215DA /* Group.swift */; };
		E06D9D0D26B898F900C215DA /* GroupViewCell.swift in Sources */ = {isa = PBXBuildFile; fileRef = E06D9D0B26B898F900C215DA /* GroupViewCell.swift */; };
		E06D9D0E26B898F900C215DA /* GroupViewCell.xib in Resources */ = {isa = PBXBuildFile; fileRef = E06D9D0C26B898F900C215DA /* GroupViewCell.xib */; };
		E06D9D1026B89B1C00C215DA /* GroupsListTableViewController.swift in Sources */ = {isa = PBXBuildFile; fileRef = E06D9D0F26B89B1C00C215DA /* GroupsListTableViewController.swift */; };
		E06D9D1326B89C3D00C215DA /* MockDataSource.swift in Sources */ = {isa = PBXBuildFile; fileRef = E06D9D1226B89C3D00C215DA /* MockDataSource.swift */; };
		E06D9D1526B8A4D100C215DA /* AllGroupsListTableViewController.swift in Sources */ = {isa = PBXBuildFile; fileRef = E06D9D1426B8A4D100C215DA /* AllGroupsListTableViewController.swift */; };
		E06D9D1D26BD7B8600C215DA /* LikeControl.swift in Sources */ = {isa = PBXBuildFile; fileRef = E06D9D1C26BD7B8600C215DA /* LikeControl.swift */; };
		E06D9D2426BDA6E300C215DA /* ImageAccount.swift in Sources */ = {isa = PBXBuildFile; fileRef = E06D9D2326BDA6E300C215DA /* ImageAccount.swift */; };
		E06D9D2626BEF4AA00C215DA /* SearchControll.swift in Sources */ = {isa = PBXBuildFile; fileRef = E06D9D2526BEF4AA00C215DA /* SearchControll.swift */; };
		E06D9D2A26C1A56100C215DA /* NewsTableViewController.swift in Sources */ = {isa = PBXBuildFile; fileRef = E06D9D2926C1A56000C215DA /* NewsTableViewController.swift */; };
		E06D9D3126C5A3E100C215DA /* ParalaxTableView.swift in Sources */ = {isa = PBXBuildFile; fileRef = E06D9D3026C5A3E100C215DA /* ParalaxTableView.swift */; };
		E0CCD41726C7DE2600A91624 /* News.swift in Sources */ = {isa = PBXBuildFile; fileRef = E0CCD41626C7DE2600A91624 /* News.swift */; };
		E0CCD41A26C804B000A91624 /* NewsTableViewCell.swift in Sources */ = {isa = PBXBuildFile; fileRef = E0CCD41826C804B000A91624 /* NewsTableViewCell.swift */; };
		E0CCD41B26C804B000A91624 /* NewsTableViewCell.xib in Resources */ = {isa = PBXBuildFile; fileRef = E0CCD41926C804B000A91624 /* NewsTableViewCell.xib */; };
		E0CCD41F26CF807900A91624 /* ImagePreviewViewController.swift in Sources */ = {isa = PBXBuildFile; fileRef = E0CCD41E26CF807900A91624 /* ImagePreviewViewController.swift */; };
		E0CCD42126CF849A00A91624 /* ImagePreviewCell.swift in Sources */ = {isa = PBXBuildFile; fileRef = E0CCD42026CF849A00A91624 /* ImagePreviewCell.swift */; };
/* End PBXBuildFile section */

/* Begin PBXFileReference section */
		E06D9CDA26B44CE200C215DA /* 1I_ValetiiVvedenskiy_InterfaceApp.app */ = {isa = PBXFileReference; explicitFileType = wrapper.application; includeInIndex = 0; path = 1I_ValetiiVvedenskiy_InterfaceApp.app; sourceTree = BUILT_PRODUCTS_DIR; };
		E06D9CDD26B44CE200C215DA /* AppDelegate.swift */ = {isa = PBXFileReference; lastKnownFileType = sourcecode.swift; path = AppDelegate.swift; sourceTree = "<group>"; };
		E06D9CDF26B44CE200C215DA /* SceneDelegate.swift */ = {isa = PBXFileReference; lastKnownFileType = sourcecode.swift; path = SceneDelegate.swift; sourceTree = "<group>"; };
		E06D9CE126B44CE200C215DA /* LoginPageViewController.swift */ = {isa = PBXFileReference; lastKnownFileType = sourcecode.swift; path = LoginPageViewController.swift; sourceTree = "<group>"; };
		E06D9CE426B44CE200C215DA /* Base */ = {isa = PBXFileReference; lastKnownFileType = file.storyboard; name = Base; path = Base.lproj/Main.storyboard; sourceTree = "<group>"; };
		E06D9CE626B44CE400C215DA /* Assets.xcassets */ = {isa = PBXFileReference; lastKnownFileType = folder.assetcatalog; path = Assets.xcassets; sourceTree = "<group>"; };
		E06D9CE926B44CE400C215DA /* Base */ = {isa = PBXFileReference; lastKnownFileType = file.storyboard; name = Base; path = Base.lproj/LaunchScreen.storyboard; sourceTree = "<group>"; };
		E06D9CEB26B44CE400C215DA /* Info.plist */ = {isa = PBXFileReference; lastKnownFileType = text.plist.xml; path = Info.plist; sourceTree = "<group>"; };
		E06D9CF226B54F6900C215DA /* FriendsListTableViewController.swift */ = {isa = PBXFileReference; lastKnownFileType = sourcecode.swift; path = FriendsListTableViewController.swift; sourceTree = "<group>"; };
		E06D9CF626B5ADED00C215DA /* AccountViewCell.swift */ = {isa = PBXFileReference; lastKnownFileType = sourcecode.swift; path = AccountViewCell.swift; sourceTree = "<group>"; };
		E06D9CF726B5ADED00C215DA /* AccountViewCell.xib */ = {isa = PBXFileReference; lastKnownFileType = file.xib; path = AccountViewCell.xib; sourceTree = "<group>"; };
		E06D9CFB26B5B21B00C215DA /* User.swift */ = {isa = PBXFileReference; lastKnownFileType = sourcecode.swift; path = User.swift; sourceTree = "<group>"; };
		E06D9CFF26B5C1D900C215DA /* ImageListCollectionViewController.swift */ = {isa = PBXFileReference; lastKnownFileType = sourcecode.swift; path = ImageListCollectionViewController.swift; sourceTree = "<group>"; };
		E06D9D0326B7EA2E00C215DA /* ImageViewCell.swift */ = {isa = PBXFileReference; lastKnownFileType = sourcecode.swift; path = ImageViewCell.swift; sourceTree = "<group>"; };
		E06D9D0426B7EA2E00C215DA /* ImageViewCell.xib */ = {isa = PBXFileReference; lastKnownFileType = file.xib; path = ImageViewCell.xib; sourceTree = "<group>"; };
		E06D9D0726B8977E00C215DA /* Group.swift */ = {isa = PBXFileReference; lastKnownFileType = sourcecode.swift; path = Group.swift; sourceTree = "<group>"; };
		E06D9D0B26B898F900C215DA /* GroupViewCell.swift */ = {isa = PBXFileReference; lastKnownFileType = sourcecode.swift; path = GroupViewCell.swift; sourceTree = "<group>"; };
		E06D9D0C26B898F900C215DA /* GroupViewCell.xib */ = {isa = PBXFileReference; lastKnownFileType = file.xib; path = GroupViewCell.xib; sourceTree = "<group>"; };
		E06D9D0F26B89B1C00C215DA /* GroupsListTableViewController.swift */ = {isa = PBXFileReference; lastKnownFileType = sourcecode.swift; path = GroupsListTableViewController.swift; sourceTree = "<group>"; };
		E06D9D1226B89C3D00C215DA /* MockDataSource.swift */ = {isa = PBXFileReference; lastKnownFileType = sourcecode.swift; path = MockDataSource.swift; sourceTree = "<group>"; };
		E06D9D1426B8A4D100C215DA /* AllGroupsListTableViewController.swift */ = {isa = PBXFileReference; lastKnownFileType = sourcecode.swift; path = AllGroupsListTableViewController.swift; sourceTree = "<group>"; };
		E06D9D1C26BD7B8600C215DA /* LikeControl.swift */ = {isa = PBXFileReference; lastKnownFileType = sourcecode.swift; path = LikeControl.swift; sourceTree = "<group>"; };
		E06D9D2326BDA6E300C215DA /* ImageAccount.swift */ = {isa = PBXFileReference; lastKnownFileType = sourcecode.swift; path = ImageAccount.swift; sourceTree = "<group>"; };
		E06D9D2526BEF4AA00C215DA /* SearchControll.swift */ = {isa = PBXFileReference; lastKnownFileType = sourcecode.swift; path = SearchControll.swift; sourceTree = "<group>"; };
		E06D9D2926C1A56000C215DA /* NewsTableViewController.swift */ = {isa = PBXFileReference; lastKnownFileType = sourcecode.swift; path = NewsTableViewController.swift; sourceTree = "<group>"; };
		E06D9D3026C5A3E100C215DA /* ParalaxTableView.swift */ = {isa = PBXFileReference; lastKnownFileType = sourcecode.swift; path = ParalaxTableView.swift; sourceTree = "<group>"; };
		E0CCD41626C7DE2600A91624 /* News.swift */ = {isa = PBXFileReference; lastKnownFileType = sourcecode.swift; path = News.swift; sourceTree = "<group>"; };
		E0CCD41826C804B000A91624 /* NewsTableViewCell.swift */ = {isa = PBXFileReference; lastKnownFileType = sourcecode.swift; path = NewsTableViewCell.swift; sourceTree = "<group>"; };
		E0CCD41926C804B000A91624 /* NewsTableViewCell.xib */ = {isa = PBXFileReference; lastKnownFileType = file.xib; path = NewsTableViewCell.xib; sourceTree = "<group>"; };
		E0CCD41E26CF807900A91624 /* ImagePreviewViewController.swift */ = {isa = PBXFileReference; lastKnownFileType = sourcecode.swift; path = ImagePreviewViewController.swift; sourceTree = "<group>"; };
		E0CCD42026CF849A00A91624 /* ImagePreviewCell.swift */ = {isa = PBXFileReference; lastKnownFileType = sourcecode.swift; path = ImagePreviewCell.swift; sourceTree = "<group>"; };
/* End PBXFileReference section */

/* Begin PBXFrameworksBuildPhase section */
		E06D9CD726B44CE200C215DA /* Frameworks */ = {
			isa = PBXFrameworksBuildPhase;
			buildActionMask = 2147483647;
			files = (
			);
			runOnlyForDeploymentPostprocessing = 0;
		};
/* End PBXFrameworksBuildPhase section */

/* Begin PBXGroup section */
		E06D9CD126B44CE100C215DA = {
			isa = PBXGroup;
			children = (
				E06D9CDC26B44CE200C215DA /* 1I_ValetiiVvedenskiy_InterfaceApp */,
				E06D9CDB26B44CE200C215DA /* Products */,
			);
			sourceTree = "<group>";
		};
		E06D9CDB26B44CE200C215DA /* Products */ = {
			isa = PBXGroup;
			children = (
				E06D9CDA26B44CE200C215DA /* 1I_ValetiiVvedenskiy_InterfaceApp.app */,
			);
			name = Products;
			sourceTree = "<group>";
		};
		E06D9CDC26B44CE200C215DA /* 1I_ValetiiVvedenskiy_InterfaceApp */ = {
			isa = PBXGroup;
			children = (
				E06D9D2F26C5A3C100C215DA /* Paralax */,
				E06D9D2226BDA6BB00C215DA /* UIComponents */,
				E06D9D1B26BD7B6900C215DA /* Controls */,
				E06D9D1126B89C1B00C215DA /* Mock */,
				E06D9CFA26B5B20200C215DA /* Models */,
				E06D9CF526B5ADC000C215DA /* Cells */,
				E06D9CF126B54F2A00C215DA /* ViewControllers */,
				E06D9CDD26B44CE200C215DA /* AppDelegate.swift */,
				E06D9CDF26B44CE200C215DA /* SceneDelegate.swift */,
				E06D9CE326B44CE200C215DA /* Main.storyboard */,
				E06D9CE626B44CE400C215DA /* Assets.xcassets */,
				E06D9CE826B44CE400C215DA /* LaunchScreen.storyboard */,
				E06D9CEB26B44CE400C215DA /* Info.plist */,
			);
			path = 1I_ValetiiVvedenskiy_InterfaceApp;
			sourceTree = "<group>";
		};
		E06D9CF126B54F2A00C215DA /* ViewControllers */ = {
			isa = PBXGroup;
			children = (
				E06D9CE126B44CE200C215DA /* LoginPageViewController.swift */,
				E06D9CF226B54F6900C215DA /* FriendsListTableViewController.swift */,
				E06D9CFF26B5C1D900C215DA /* ImageListCollectionViewController.swift */,
				E06D9D0F26B89B1C00C215DA /* GroupsListTableViewController.swift */,
				E06D9D1426B8A4D100C215DA /* AllGroupsListTableViewController.swift */,
				E06D9D2926C1A56000C215DA /* NewsTableViewController.swift */,
				E0CCD41E26CF807900A91624 /* ImagePreviewViewController.swift */,
			);
			path = ViewControllers;
			sourceTree = "<group>";
		};
		E06D9CF526B5ADC000C215DA /* Cells */ = {
			isa = PBXGroup;
			children = (
				E06D9CF626B5ADED00C215DA /* AccountViewCell.swift */,
				E06D9CF726B5ADED00C215DA /* AccountViewCell.xib */,
				E06D9D0326B7EA2E00C215DA /* ImageViewCell.swift */,
				E06D9D0426B7EA2E00C215DA /* ImageViewCell.xib */,
				E06D9D0B26B898F900C215DA /* GroupViewCell.swift */,
				E06D9D0C26B898F900C215DA /* GroupViewCell.xib */,
				E0CCD41826C804B000A91624 /* NewsTableViewCell.swift */,
				E0CCD41926C804B000A91624 /* NewsTableViewCell.xib */,
				E0CCD42026CF849A00A91624 /* ImagePreviewCell.swift */,
			);
			path = Cells;
			sourceTree = "<group>";
		};
		E06D9CFA26B5B20200C215DA /* Models */ = {
			isa = PBXGroup;
			children = (
				E06D9CFB26B5B21B00C215DA /* User.swift */,
				E06D9D0726B8977E00C215DA /* Group.swift */,
				E0CCD41626C7DE2600A91624 /* News.swift */,
			);
			path = Models;
			sourceTree = "<group>";
		};
		E06D9D1126B89C1B00C215DA /* Mock */ = {
			isa = PBXGroup;
			children = (
				E06D9D1226B89C3D00C215DA /* MockDataSource.swift */,
			);
			path = Mock;
			sourceTree = "<group>";
		};
		E06D9D1B26BD7B6900C215DA /* Controls */ = {
			isa = PBXGroup;
			children = (
				E06D9D1C26BD7B8600C215DA /* LikeControl.swift */,
				E06D9D2526BEF4AA00C215DA /* SearchControll.swift */,
			);
			path = Controls;
			sourceTree = "<group>";
		};
		E06D9D2226BDA6BB00C215DA /* UIComponents */ = {
			isa = PBXGroup;
			children = (
				E06D9D2326BDA6E300C215DA /* ImageAccount.swift */,
			);
			path = UIComponents;
			sourceTree = "<group>";
		};
		E06D9D2F26C5A3C100C215DA /* Paralax */ = {
			isa = PBXGroup;
			children = (
				E06D9D3026C5A3E100C215DA /* ParalaxTableView.swift */,
			);
			path = Paralax;
			sourceTree = "<group>";
		};
/* End PBXGroup section */

/* Begin PBXNativeTarget section */
		E06D9CD926B44CE200C215DA /* 1I_ValetiiVvedenskiy_InterfaceApp */ = {
			isa = PBXNativeTarget;
			buildConfigurationList = E06D9CEE26B44CE400C215DA /* Build configuration list for PBXNativeTarget "1I_ValetiiVvedenskiy_InterfaceApp" */;
			buildPhases = (
				E06D9CD626B44CE200C215DA /* Sources */,
				E06D9CD726B44CE200C215DA /* Frameworks */,
				E06D9CD826B44CE200C215DA /* Resources */,
			);
			buildRules = (
			);
			dependencies = (
			);
			name = 1I_ValetiiVvedenskiy_InterfaceApp;
			productName = 1I_ValetiiVvedenskiy_InterfaceApp;
			productReference = E06D9CDA26B44CE200C215DA /* 1I_ValetiiVvedenskiy_InterfaceApp.app */;
			productType = "com.apple.product-type.application";
		};
/* End PBXNativeTarget section */

/* Begin PBXProject section */
		E06D9CD226B44CE100C215DA /* Project object */ = {
			isa = PBXProject;
			attributes = {
				LastSwiftUpdateCheck = 1250;
				LastUpgradeCheck = 1250;
				TargetAttributes = {
					E06D9CD926B44CE200C215DA = {
						CreatedOnToolsVersion = 12.5.1;
					};
				};
			};
			buildConfigurationList = E06D9CD526B44CE100C215DA /* Build configuration list for PBXProject "1I_ValetiiVvedenskiy_InterfaceApp" */;
			compatibilityVersion = "Xcode 9.3";
			developmentRegion = en;
			hasScannedForEncodings = 0;
			knownRegions = (
				en,
				Base,
			);
			mainGroup = E06D9CD126B44CE100C215DA;
			productRefGroup = E06D9CDB26B44CE200C215DA /* Products */;
			projectDirPath = "";
			projectRoot = "";
			targets = (
				E06D9CD926B44CE200C215DA /* 1I_ValetiiVvedenskiy_InterfaceApp */,
			);
		};
/* End PBXProject section */

/* Begin PBXResourcesBuildPhase section */
		E06D9CD826B44CE200C215DA /* Resources */ = {
			isa = PBXResourcesBuildPhase;
			buildActionMask = 2147483647;
			files = (
				E06D9CF926B5ADED00C215DA /* AccountViewCell.xib in Resources */,
				E06D9D0626B7EA2E00C215DA /* ImageViewCell.xib in Resources */,
				E06D9D0E26B898F900C215DA /* GroupViewCell.xib in Resources */,
				E0CCD41B26C804B000A91624 /* NewsTableViewCell.xib in Resources */,
				E06D9CEA26B44CE400C215DA /* LaunchScreen.storyboard in Resources */,
				E06D9CE726B44CE400C215DA /* Assets.xcassets in Resources */,
				E06D9CE526B44CE200C215DA /* Main.storyboard in Resources */,
			);
			runOnlyForDeploymentPostprocessing = 0;
		};
/* End PBXResourcesBuildPhase section */

/* Begin PBXSourcesBuildPhase section */
		E06D9CD626B44CE200C215DA /* Sources */ = {
			isa = PBXSourcesBuildPhase;
			buildActionMask = 2147483647;
			files = (
				E06D9D2626BEF4AA00C215DA /* SearchControll.swift in Sources */,
				E06D9D1326B89C3D00C215DA /* MockDataSource.swift in Sources */,
				E06D9D0826B8977E00C215DA /* Group.swift in Sources */,
				E06D9D2A26C1A56100C215DA /* NewsTableViewController.swift in Sources */,
				E06D9D1D26BD7B8600C215DA /* LikeControl.swift in Sources */,
				E06D9CF326B54F6900C215DA /* FriendsListTableViewController.swift in Sources */,
				E06D9D3126C5A3E100C215DA /* ParalaxTableView.swift in Sources */,
				E0CCD41A26C804B000A91624 /* NewsTableViewCell.swift in Sources */,
				E06D9CE226B44CE200C215DA /* LoginPageViewController.swift in Sources */,
				E06D9CDE26B44CE200C215DA /* AppDelegate.swift in Sources */,
				E06D9D0026B5C1D900C215DA /* ImageListCollectionViewController.swift in Sources */,
				E06D9D0526B7EA2E00C215DA /* ImageViewCell.swift in Sources */,
				E0CCD42126CF849A00A91624 /* ImagePreviewCell.swift in Sources */,
				E06D9D1526B8A4D100C215DA /* AllGroupsListTableViewController.swift in Sources */,
				E06D9D1026B89B1C00C215DA /* GroupsListTableViewController.swift in Sources */,
				E06D9CE026B44CE200C215DA /* SceneDelegate.swift in Sources */,
				E06D9CF826B5ADED00C215DA /* AccountViewCell.swift in Sources */,
				E0CCD41F26CF807900A91624 /* ImagePreviewViewController.swift in Sources */,
				E06D9D2426BDA6E300C215DA /* ImageAccount.swift in Sources */,
				E06D9D0D26B898F900C215DA /* GroupViewCell.swift in Sources */,
				E0CCD41726C7DE2600A91624 /* News.swift in Sources */,
				E06D9CFC26B5B21B00C215DA /* User.swift in Sources */,
			);
			runOnlyForDeploymentPostprocessing = 0;
		};
/* End PBXSourcesBuildPhase section */

/* Begin PBXVariantGroup section */
		E06D9CE326B44CE200C215DA /* Main.storyboard */ = {
			isa = PBXVariantGroup;
			children = (
				E06D9CE426B44CE200C215DA /* Base */,
			);
			name = Main.storyboard;
			sourceTree = "<group>";
		};
		E06D9CE826B44CE400C215DA /* LaunchScreen.storyboard */ = {
			isa = PBXVariantGroup;
			children = (
				E06D9CE926B44CE400C215DA /* Base */,
			);
			name = LaunchScreen.storyboard;
			sourceTree = "<group>";
		};
/* End PBXVariantGroup section */

/* Begin XCBuildConfiguration section */
		E06D9CEC26B44CE400C215DA /* Debug */ = {
			isa = XCBuildConfiguration;
			buildSettings = {
				ALWAYS_SEARCH_USER_PATHS = NO;
				CLANG_ANALYZER_NONNULL = YES;
				CLANG_ANALYZER_NUMBER_OBJECT_CONVERSION = YES_AGGRESSIVE;
				CLANG_CXX_LANGUAGE_STANDARD = "gnu++14";
				CLANG_CXX_LIBRARY = "libc++";
				CLANG_ENABLE_MODULES = YES;
				CLANG_ENABLE_OBJC_ARC = YES;
				CLANG_ENABLE_OBJC_WEAK = YES;
				CLANG_WARN_BLOCK_CAPTURE_AUTORELEASING = YES;
				CLANG_WARN_BOOL_CONVERSION = YES;
				CLANG_WARN_COMMA = YES;
				CLANG_WARN_CONSTANT_CONVERSION = YES;
				CLANG_WARN_DEPRECATED_OBJC_IMPLEMENTATIONS = YES;
				CLANG_WARN_DIRECT_OBJC_ISA_USAGE = YES_ERROR;
				CLANG_WARN_DOCUMENTATION_COMMENTS = YES;
				CLANG_WARN_EMPTY_BODY = YES;
				CLANG_WARN_ENUM_CONVERSION = YES;
				CLANG_WARN_INFINITE_RECURSION = YES;
				CLANG_WARN_INT_CONVERSION = YES;
				CLANG_WARN_NON_LITERAL_NULL_CONVERSION = YES;
				CLANG_WARN_OBJC_IMPLICIT_RETAIN_SELF = YES;
				CLANG_WARN_OBJC_LITERAL_CONVERSION = YES;
				CLANG_WARN_OBJC_ROOT_CLASS = YES_ERROR;
				CLANG_WARN_QUOTED_INCLUDE_IN_FRAMEWORK_HEADER = YES;
				CLANG_WARN_RANGE_LOOP_ANALYSIS = YES;
				CLANG_WARN_STRICT_PROTOTYPES = YES;
				CLANG_WARN_SUSPICIOUS_MOVE = YES;
				CLANG_WARN_UNGUARDED_AVAILABILITY = YES_AGGRESSIVE;
				CLANG_WARN_UNREACHABLE_CODE = YES;
				CLANG_WARN__DUPLICATE_METHOD_MATCH = YES;
				COPY_PHASE_STRIP = NO;
				DEBUG_INFORMATION_FORMAT = dwarf;
				ENABLE_STRICT_OBJC_MSGSEND = YES;
				ENABLE_TESTABILITY = YES;
				GCC_C_LANGUAGE_STANDARD = gnu11;
				GCC_DYNAMIC_NO_PIC = NO;
				GCC_NO_COMMON_BLOCKS = YES;
				GCC_OPTIMIZATION_LEVEL = 0;
				GCC_PREPROCESSOR_DEFINITIONS = (
					"DEBUG=1",
					"$(inherited)",
				);
				GCC_WARN_64_TO_32_BIT_CONVERSION = YES;
				GCC_WARN_ABOUT_RETURN_TYPE = YES_ERROR;
				GCC_WARN_UNDECLARED_SELECTOR = YES;
				GCC_WARN_UNINITIALIZED_AUTOS = YES_AGGRESSIVE;
				GCC_WARN_UNUSED_FUNCTION = YES;
				GCC_WARN_UNUSED_VARIABLE = YES;
				IPHONEOS_DEPLOYMENT_TARGET = 14.5;
				MTL_ENABLE_DEBUG_INFO = INCLUDE_SOURCE;
				MTL_FAST_MATH = YES;
				ONLY_ACTIVE_ARCH = YES;
				SDKROOT = iphoneos;
				SWIFT_ACTIVE_COMPILATION_CONDITIONS = DEBUG;
				SWIFT_OPTIMIZATION_LEVEL = "-Onone";
			};
			name = Debug;
		};
		E06D9CED26B44CE400C215DA /* Release */ = {
			isa = XCBuildConfiguration;
			buildSettings = {
				ALWAYS_SEARCH_USER_PATHS = NO;
				CLANG_ANALYZER_NONNULL = YES;
				CLANG_ANALYZER_NUMBER_OBJECT_CONVERSION = YES_AGGRESSIVE;
				CLANG_CXX_LANGUAGE_STANDARD = "gnu++14";
				CLANG_CXX_LIBRARY = "libc++";
				CLANG_ENABLE_MODULES = YES;
				CLANG_ENABLE_OBJC_ARC = YES;
				CLANG_ENABLE_OBJC_WEAK = YES;
				CLANG_WARN_BLOCK_CAPTURE_AUTORELEASING = YES;
				CLANG_WARN_BOOL_CONVERSION = YES;
				CLANG_WARN_COMMA = YES;
				CLANG_WARN_CONSTANT_CONVERSION = YES;
				CLANG_WARN_DEPRECATED_OBJC_IMPLEMENTATIONS = YES;
				CLANG_WARN_DIRECT_OBJC_ISA_USAGE = YES_ERROR;
				CLANG_WARN_DOCUMENTATION_COMMENTS = YES;
				CLANG_WARN_EMPTY_BODY = YES;
				CLANG_WARN_ENUM_CONVERSION = YES;
				CLANG_WARN_INFINITE_RECURSION = YES;
				CLANG_WARN_INT_CONVERSION = YES;
				CLANG_WARN_NON_LITERAL_NULL_CONVERSION = YES;
				CLANG_WARN_OBJC_IMPLICIT_RETAIN_SELF = YES;
				CLANG_WARN_OBJC_LITERAL_CONVERSION = YES;
				CLANG_WARN_OBJC_ROOT_CLASS = YES_ERROR;
				CLANG_WARN_QUOTED_INCLUDE_IN_FRAMEWORK_HEADER = YES;
				CLANG_WARN_RANGE_LOOP_ANALYSIS = YES;
				CLANG_WARN_STRICT_PROTOTYPES = YES;
				CLANG_WARN_SUSPICIOUS_MOVE = YES;
				CLANG_WARN_UNGUARDED_AVAILABILITY = YES_AGGRESSIVE;
				CLANG_WARN_UNREACHABLE_CODE = YES;
				CLANG_WARN__DUPLICATE_METHOD_MATCH = YES;
				COPY_PHASE_STRIP = NO;
				DEBUG_INFORMATION_FORMAT = "dwarf-with-dsym";
				ENABLE_NS_ASSERTIONS = NO;
				ENABLE_STRICT_OBJC_MSGSEND = YES;
				GCC_C_LANGUAGE_STANDARD = gnu11;
				GCC_NO_COMMON_BLOCKS = YES;
				GCC_WARN_64_TO_32_BIT_CONVERSION = YES;
				GCC_WARN_ABOUT_RETURN_TYPE = YES_ERROR;
				GCC_WARN_UNDECLARED_SELECTOR = YES;
				GCC_WARN_UNINITIALIZED_AUTOS = YES_AGGRESSIVE;
				GCC_WARN_UNUSED_FUNCTION = YES;
				GCC_WARN_UNUSED_VARIABLE = YES;
				IPHONEOS_DEPLOYMENT_TARGET = 14.5;
				MTL_ENABLE_DEBUG_INFO = NO;
				MTL_FAST_MATH = YES;
				SDKROOT = iphoneos;
				SWIFT_COMPILATION_MODE = wholemodule;
				SWIFT_OPTIMIZATION_LEVEL = "-O";
				VALIDATE_PRODUCT = YES;
			};
			name = Release;
		};
		E06D9CEF26B44CE400C215DA /* Debug */ = {
			isa = XCBuildConfiguration;
			buildSettings = {
				ASSETCATALOG_COMPILER_APPICON_NAME = AppIcon;
				ASSETCATALOG_COMPILER_GLOBAL_ACCENT_COLOR_NAME = AccentColor;
				CODE_SIGN_STYLE = Automatic;
				DEVELOPMENT_TEAM = 7BZ6VJ9448;
				INFOPLIST_FILE = 1I_ValetiiVvedenskiy_InterfaceApp/Info.plist;
				LD_RUNPATH_SEARCH_PATHS = (
					"$(inherited)",
					"@executable_path/Frameworks",
				);
				PRODUCT_BUNDLE_IDENTIFIER = "com.geekBrains.-I-ValetiiVvedenskiy-InterfaceApp";
				PRODUCT_NAME = "$(TARGET_NAME)";
				SWIFT_VERSION = 5.0;
				TARGETED_DEVICE_FAMILY = "1,2";
			};
			name = Debug;
		};
		E06D9CF026B44CE400C215DA /* Release */ = {
			isa = XCBuildConfiguration;
			buildSettings = {
				ASSETCATALOG_COMPILER_APPICON_NAME = AppIcon;
				ASSETCATALOG_COMPILER_GLOBAL_ACCENT_COLOR_NAME = AccentColor;
				CODE_SIGN_STYLE = Automatic;
				DEVELOPMENT_TEAM = 7BZ6VJ9448;
				INFOPLIST_FILE = 1I_ValetiiVvedenskiy_InterfaceApp/Info.plist;
				LD_RUNPATH_SEARCH_PATHS = (
					"$(inherited)",
					"@executable_path/Frameworks",
				);
				PRODUCT_BUNDLE_IDENTIFIER = "com.geekBrains.-I-ValetiiVvedenskiy-InterfaceApp";
				PRODUCT_NAME = "$(TARGET_NAME)";
				SWIFT_VERSION = 5.0;
				TARGETED_DEVICE_FAMILY = "1,2";
			};
			name = Release;
		};
/* End XCBuildConfiguration section */

/* Begin XCConfigurationList section */
		E06D9CD526B44CE100C215DA /* Build configuration list for PBXProject "1I_ValetiiVvedenskiy_InterfaceApp" */ = {
			isa = XCConfigurationList;
			buildConfigurations = (
				E06D9CEC26B44CE400C215DA /* Debug */,
				E06D9CED26B44CE400C215DA /* Release */,
			);
			defaultConfigurationIsVisible = 0;
			defaultConfigurationName = Release;
		};
		E06D9CEE26B44CE400C215DA /* Build configuration list for PBXNativeTarget "1I_ValetiiVvedenskiy_InterfaceApp" */ = {
			isa = XCConfigurationList;
			buildConfigurations = (
				E06D9CEF26B44CE400C215DA /* Debug */,
				E06D9CF026B44CE400C215DA /* Release */,
			);
			defaultConfigurationIsVisible = 0;
			defaultConfigurationName = Release;
		};
/* End XCConfigurationList section */
	};
	rootObject = E06D9CD226B44CE100C215DA /* Project object */;
}
